# This file is autogenerated, do not edit; changes may be undone by the next 'dep ensure'.


[[projects]]
  branch = "task/cs-238-error-handling-refactor-v2"
  digest = "1:b418126fc90c5f3a06dc70b7dbf18f4469c8818777cf587e3484da66e539a4e1"
  name = "github.com/24metrics/clickshield-gateway"
  packages = [
    "pkg/clickshield",
    "pkg/errors",
  ]
  pruneopts = "UT"
  revision = "778b66bf59991ed3f763bd5ea7e889e3b62bab6c"

[[projects]]
  branch = "master"
  digest = "1:0b3b9cb89b8f2e5ec67cc896e15efd6a51a6aa4fc79a2908ce88b20e67146db8"
  name = "github.com/avct/uasurfer"
  packages = ["."]
  pruneopts = "UT"
  revision = "43c6f9a90eebc6ba320385716e342a42b11fd11d"

[[projects]]
  digest = "1:67474f760e9ac3799f740db2c489e6423a4cde45520673ec123ac831ad849cb8"
  name = "github.com/hashicorp/golang-lru"
  packages = ["simplelru"]
  pruneopts = "UT"
  revision = "7087cb70de9f7a8bc0a10c375cb0d2280a8edf9c"
  version = "v0.5.1"

[[projects]]
  digest = "1:cf31692c14422fa27c83a05292eb5cbe0fb2775972e8f1f8446a71549bd8980b"
  name = "github.com/pkg/errors"
  packages = ["."]
  pruneopts = "UT"
  revision = "ba968bfe8b2f7e042a574c888954fccecfa385b4"
  version = "v0.8.1"

[[projects]]
  digest = "1:556be1f91ad1230445813f3f2daf752d6a07fc7577ab736beffabd308bf4a92d"
  name = "go.opencensus.io"
  packages = [
    ".",
    "internal",
    "trace",
    "trace/internal",
    "trace/tracestate",
  ]
  pruneopts = "UT"
  revision = "9c377598961b706d1542bd2d84d538b5094d596e"
  version = "v0.22.0"

[solve-meta]
  analyzer-name = "dep"
  analyzer-version = 1
  input-imports = [
    "github.com/24metrics/clickshield-gateway/pkg/clickshield",
    "github.com/24metrics/clickshield-gateway/pkg/errors",
    "github.com/pkg/errors",
    "go.opencensus.io/trace",
  ]
  solver-name = "gps-cdcl"
  solver-version = 1
