# This file is autogenerated, do not edit; changes may be undone by the next 'dep ensure'.


[[projects]]
  digest = "1:8dd0db5b95368d375a994534f0ff7b1454cad3fc222c3f76a41dae43fa070d8b"
  name = "contrib.go.opencensus.io/exporter/jaeger"
  packages = [
    ".",
    "internal/gen-go/jaeger",
  ]
  pruneopts = "UT"
  revision = "f3684086370a4b70671b0611a7d4ffd560eb3b54"
  version = "v0.1.0"

[[projects]]
  digest = "1:b39cf81d5f440b9c0757a25058432d33af867e5201109bf53621356d9dab4b73"
  name = "github.com/apache/thrift"
  packages = ["lib/go/thrift"]
  pruneopts = "UT"
  revision = "384647d290e2e4a55a14b1b7ef1b7e66293a2c33"
  version = "v0.12.0"

[[projects]]
  branch = "master"
  digest = "1:aca24fb215fb0e5b8771b44b0de09bdab48f4960a14b8ed9e054a5ec9041c154"
  name = "github.com/bzon/errors"
  packages = ["."]
  pruneopts = "UT"
  revision = "a3caf6de55066887120b96307afaac3fd7d3f6d9"

[[projects]]
  digest = "1:ab3cd0b7271b473b0a90bb9ba3f03958f134bca81390d20071a03ffd7df8ef79"
  name = "github.com/go-kit/kit"
  packages = ["log"]
  pruneopts = "UT"
  revision = "150a65a7ec6156b4b640c1fd55f26fd3d475d656"
  version = "v0.9.0"

[[projects]]
  digest = "1:4062bc6de62d73e2be342243cf138cf499b34d558876db8d9430e2149388a4d8"
  name = "github.com/go-logfmt/logfmt"
  packages = ["."]
  pruneopts = "UT"
  revision = "07c9b44f60d7ffdfb7d8efe1ad539965737836dc"
  version = "v0.4.0"

[[projects]]
  digest = "1:67474f760e9ac3799f740db2c489e6423a4cde45520673ec123ac831ad849cb8"
  name = "github.com/hashicorp/golang-lru"
  packages = ["simplelru"]
  pruneopts = "UT"
  revision = "7087cb70de9f7a8bc0a10c375cb0d2280a8edf9c"
  version = "v0.5.1"

[[projects]]
  branch = "master"
  digest = "1:a64e323dc06b73892e5bb5d040ced475c4645d456038333883f58934abbf6f72"
  name = "github.com/kr/logfmt"
  packages = ["."]
  pruneopts = "UT"
  revision = "b84e30acd515aadc4b783ad4ff83aff3299bdfe0"

[[projects]]
  digest = "1:cf31692c14422fa27c83a05292eb5cbe0fb2775972e8f1f8446a71549bd8980b"
  name = "github.com/pkg/errors"
  packages = ["."]
  pruneopts = "UT"
  revision = "ba968bfe8b2f7e042a574c888954fccecfa385b4"
  version = "v0.8.1"

[[projects]]
  digest = "1:556be1f91ad1230445813f3f2daf752d6a07fc7577ab736beffabd308bf4a92d"
  name = "go.opencensus.io"
  packages = [
    ".",
    "internal",
    "trace",
    "trace/internal",
    "trace/tracestate",
  ]
  pruneopts = "UT"
  revision = "9c377598961b706d1542bd2d84d538b5094d596e"
  version = "v0.22.0"

[[projects]]
  branch = "master"
  digest = "1:382bb5a7fb4034db3b6a2d19e5a4a6bcf52f4750530603c01ca18a172fa3089b"
  name = "golang.org/x/sync"
  packages = ["semaphore"]
  pruneopts = "UT"
  revision = "112230192c580c3556b8cee6403af37a4fc5f28c"

[[projects]]
  digest = "1:5f003878aabe31d7f6b842d4de32b41c46c214bb629bb485387dbcce1edf5643"
  name = "google.golang.org/api"
  packages = ["support/bundler"]
  pruneopts = "UT"
  revision = "02490b97dff7cfde1995bd77de808fd27053bc87"
  version = "v0.7.0"

[solve-meta]
  analyzer-name = "dep"
  analyzer-version = 1
  input-imports = [
    "contrib.go.opencensus.io/exporter/jaeger",
    "github.com/bzon/errors",
    "github.com/go-kit/kit/log",
    "go.opencensus.io/trace",
  ]
  solver-name = "gps-cdcl"
  solver-version = 1
